
Microsoft Visual Studio Solution File, Format Version 12.00
# Visual Studio Version 17
VisualStudioVersion = 17.1.32319.34
MinimumVisualStudioVersion = 10.0.40219.1
Project("{9A19103F-16F7-4668-BE54-9A1E7A4F7556}") = "DataStructure", "DataStructure\DataStructure.csproj", "{EE833082-5C16-4812-AC39-03399DAD27BD}"
EndProject
Project("{9A19103F-16F7-4668-BE54-9A1E7A4F7556}") = "RmoveDuplicateValue", "RmoveDuplicateValue\RmoveDuplicateValue.csproj", "{277EE630-420A-415A-B64A-D29C574AD16D}"
EndProject
Project("{9A19103F-16F7-4668-BE54-9A1E7A4F7556}") = "BitWise", "BitWise\BitWise.csproj", "{4D6FDA41-AB46-439E-A28A-8B2A93552E01}"
EndProject
Project("{9A19103F-16F7-4668-BE54-9A1E7A4F7556}") = "Odd_And_Event_ByBitMasking", "Odd_And_Event_ByBitMasking\Odd_And_Event_ByBitMasking.csproj", "{C708AAC5-9D78-4B89-B5D3-FCC458ED6D3C}"
EndProject
Project("{9A19103F-16F7-4668-BE54-9A1E7A4F7556}") = "Swap_Veriable_by_XOR", "Swap_Veriable_by_XOR\Swap_Veriable_by_XOR.csproj", "{0183375E-2BAE-4186-B19F-C25C0E5E5C9D}"
EndProject
Project("{9A19103F-16F7-4668-BE54-9A1E7A4F7556}") = "Trailing_Zeroes_In_Factorial", "Trailing_Zeroes_In_Factorial\Trailing_Zeroes_In_Factorial.csproj", "{73116820-BD88-4E4B-BA45-BE5872C60D7F}"
EndProject
Project("{9A19103F-16F7-4668-BE54-9A1E7A4F7556}") = "FineOccuringOddNumber", "FineOccuringOddNumber\FineOccuringOddNumber.csproj", "{096D7524-38F0-441D-BB11-904C488F11C5}"
EndProject
Project("{9A19103F-16F7-4668-BE54-9A1E7A4F7556}") = "Palindrom_Numeric", "Palindrom_Numeric\Palindrom_Numeric.csproj", "{31E3B7EE-3D4F-463B-AE03-52DA186E404A}"
EndProject
Project("{9A19103F-16F7-4668-BE54-9A1E7A4F7556}") = "Sieve_Eratosthenes", "Sieve_Eratosthenes\Sieve_Eratosthenes.csproj", "{E282C666-42D2-4F21-AB2D-0F59ADD06E7D}"
EndProject
Project("{9A19103F-16F7-4668-BE54-9A1E7A4F7556}") = "GCD", "GCD\GCD.csproj", "{3B1B2A41-57AC-463F-83D7-C5A156EC032A}"
EndProject
Project("{9A19103F-16F7-4668-BE54-9A1E7A4F7556}") = "FastPower", "FastPower\FastPower.csproj", "{51DC8925-F1AB-4D20-92B2-BD8CCE3A1A7C}"
EndProject
Project("{9A19103F-16F7-4668-BE54-9A1E7A4F7556}") = "FindWayInMatrix", "FindWayInMatrix\FindWayInMatrix.csproj", "{95990C58-0CF8-4BD2-A57D-B358A211FDE5}"
EndProject
Project("{9A19103F-16F7-4668-BE54-9A1E7A4F7556}") = "josephus", "josephus\josephus.csproj", "{5C12ED82-0B19-4CE8-80A6-CA110735A72E}"
EndProject
Project("{9A19103F-16F7-4668-BE54-9A1E7A4F7556}") = "PalindromString", "PalindromString\PalindromString.csproj", "{D06B2BB1-89F3-4D20-BED5-37102DE4B689}"
EndProject
Project("{9A19103F-16F7-4668-BE54-9A1E7A4F7556}") = "PowerSetOfString", "PowerSetOfString\PowerSetOfString.csproj", "{2E0E11E8-AEB1-4C51-ACBA-976BCE749D6F}"
EndProject
Project("{9A19103F-16F7-4668-BE54-9A1E7A4F7556}") = "PermutationOfString", "PermutationOfString\PermutationOfString.csproj", "{D459BB59-C460-44FD-A0F6-5A07FF16D010}"
EndProject
Project("{9A19103F-16F7-4668-BE54-9A1E7A4F7556}") = "FindingMajortyElement", "FindingMajortyElement\FindingMajortyElement.csproj", "{D37EF9BA-F45F-450E-9C45-C14B447BB43E}"
EndProject
Project("{9A19103F-16F7-4668-BE54-9A1E7A4F7556}") = "FindingMajortyElementByMooresVoting", "FindingMajortyElementByMooresVoting\FindingMajortyElementByMooresVoting.csproj", "{A76914C7-EF0B-4EA1-A4D4-252DAFB13706}"
EndProject
Project("{9A19103F-16F7-4668-BE54-9A1E7A4F7556}") = "LargestSumContiguousSubarray", "LargestSumContiguousSubarray\LargestSumContiguousSubarray.csproj", "{2A6F652C-DF5C-4AC7-AD1C-CF280807FBB2}"
EndProject
Project("{9A19103F-16F7-4668-BE54-9A1E7A4F7556}") = "BuySellStock", "BuySellStock\BuySellStock.csproj", "{A361EEBF-18B3-4A45-8CFE-81F8E998C7FB}"
EndProject
Project("{9A19103F-16F7-4668-BE54-9A1E7A4F7556}") = "RainWaterTrap", "RainWaterTrap\RainWaterTrap.csproj", "{EFB6E0D4-271F-4F07-9572-5A13B2BC0097}"
EndProject
Project("{9A19103F-16F7-4668-BE54-9A1E7A4F7556}") = "Sorting", "Sorting\Sorting.csproj", "{E446F302-802E-4CB1-BB7C-EA86A062E93C}"
EndProject
Project("{9A19103F-16F7-4668-BE54-9A1E7A4F7556}") = "BinarySearch", "BinarySearch\BinarySearch.csproj", "{809E62C2-396C-42B8-9ACC-DC82609C59B2}"
EndProject
Project("{9A19103F-16F7-4668-BE54-9A1E7A4F7556}") = "RateGain", "RateGain\RateGain.csproj", "{B91D5875-3D54-4F63-8B35-3C0F783F597D}"
EndProject
Project("{9A19103F-16F7-4668-BE54-9A1E7A4F7556}") = "AddUserAzureAD", "AddUserAzureAD\AddUserAzureAD.csproj", "{390F1A83-5970-4E60-94AE-0A107306FC05}"
EndProject
Project("{2150E333-8FDC-42A3-9474-1A3956D46DE8}") = "Design.Patterns", "Design.Patterns", "{372BB34B-FB7B-4147-A1CD-5A3A9176B1A5}"
EndProject
Project("{2150E333-8FDC-42A3-9474-1A3956D46DE8}") = "Sturctural", "Sturctural", "{DCB96A9D-3C43-40E4-B416-FF793144F408}"
EndProject
Project("{9A19103F-16F7-4668-BE54-9A1E7A4F7556}") = "DecoreatorPattern", "DecoreatorPattern\DecoreatorPattern.csproj", "{E5208170-CF50-40B9-BA62-E60D71D3BB49}"
EndProject
Project("{2150E333-8FDC-42A3-9474-1A3956D46DE8}") = "Behaviour", "Behaviour", "{AE8DC19A-C459-4493-915C-D96D0744FBDB}"
EndProject
Project("{9A19103F-16F7-4668-BE54-9A1E7A4F7556}") = "StrategyPattern", "StrategyPattern\StrategyPattern.csproj", "{42972EB4-F856-4123-851F-8376551366B6}"
EndProject
Project("{9A19103F-16F7-4668-BE54-9A1E7A4F7556}") = "SendMailBy GraphAPI", "SendMailBy GraphAPI\SendMailBy GraphAPI.csproj", "{C3B81AB3-8455-4B16-8BA8-7820F2553186}"
EndProject
Project("{9A19103F-16F7-4668-BE54-9A1E7A4F7556}") = "FindUserFromAD", "FindUserFromAD\FindUserFromAD.csproj", "{455D77B2-B218-497A-9877-74DA718821C5}"
EndProject
Project("{9A19103F-16F7-4668-BE54-9A1E7A4F7556}") = "FTPClient", "FTPClient\FTPClient.csproj", "{27782FF4-26A6-4BF3-BCFB-8ABF2ACC43B4}"
EndProject
Project("{9A19103F-16F7-4668-BE54-9A1E7A4F7556}") = "FTPUsingHttpClient", "FTPUsingHttpClient\FTPUsingHttpClient.csproj", "{15FE077E-9D0A-4209-9DC9-12316A903EC9}"
EndProject
Project("{9A19103F-16F7-4668-BE54-9A1E7A4F7556}") = "S3Bucket", "S3Bucket\S3Bucket.csproj", "{76E1C28F-5506-4883-8341-71DDD2CA61F4}"
EndProject
Project("{9A19103F-16F7-4668-BE54-9A1E7A4F7556}") = "Core FTpClient", "Core FTpClient\Core FTpClient.csproj", "{D4C9AB5B-3D4C-4ED8-B024-73DF65933318}"
EndProject
Project("{2150E333-8FDC-42A3-9474-1A3956D46DE8}") = "TechGigCoding", "TechGigCoding", "{A372FC33-43C9-46C4-B30E-AE04C48926C1}"
EndProject
Project("{9A19103F-16F7-4668-BE54-9A1E7A4F7556}") = "Rouind1-1-May2022", "Rouind1-1-May2022\Rouind1-1-May2022.csproj", "{A0CB20E2-01EF-4F5D-AF22-476D893A27F3}"
EndProject
Project("{9A19103F-16F7-4668-BE54-9A1E7A4F7556}") = "Round-10-May2022", "Round-10-May2022\Round-10-May2022.csproj", "{EAE6916D-E570-449F-9CFB-6E5B906B5CB3}"
EndProject
Project("{9A19103F-16F7-4668-BE54-9A1E7A4F7556}") = "Round-3-02-May2022", "Round-3-02-May2022\Round-3-02-May2022.csproj", "{EA76D915-567C-4A3A-8A8B-D2890FFDA071}"
EndProject
Project("{9A19103F-16F7-4668-BE54-9A1E7A4F7556}") = "AdapterPattern", "AdapterPattern\AdapterPattern.csproj", "{491FC269-4344-4AE0-A393-CCCE408F4080}"
EndProject
Project("{9A19103F-16F7-4668-BE54-9A1E7A4F7556}") = "DateTimeConverter", "DateTimeConverter\DateTimeConverter.csproj", "{D8871820-10C7-49A9-9879-4DE9C4C22A3F}"
EndProject
Project("{9A19103F-16F7-4668-BE54-9A1E7A4F7556}") = "BridgePattern", "BridgePattern\BridgePattern.csproj", "{7DD1EDD8-33DE-48A0-90C1-9F98CFF0121F}"
EndProject
Project("{9A19103F-16F7-4668-BE54-9A1E7A4F7556}") = "ReadMailwithAttachment", "ReadMailwithAttachment\ReadMailwithAttachment.csproj", "{6DBCE2CE-CA49-4EB9-82B2-C3C58D5A950B}"
EndProject
Project("{9A19103F-16F7-4668-BE54-9A1E7A4F7556}") = "ParseEml", "ParseEml\ParseEml.csproj", "{7E270D89-118F-499D-AEE5-F6EA375A2DE9}"
EndProject
Project("{9A19103F-16F7-4668-BE54-9A1E7A4F7556}") = "GithubAPI", "GithubAPI\GithubAPI.csproj", "{59435A3F-3FB9-4013-8AB6-DE52D9C3E5CB}"
EndProject
Project("{FAE04EC0-301F-11D3-BF4B-00C04F79EFBC}") = "IdentifyBase64", "IdentifyBase64\IdentifyBase64.csproj", "{F5E6BB1A-680A-4362-A8DF-76C412E36F36}"
EndProject
Global
	GlobalSection(SolutionConfigurationPlatforms) = preSolution
		Debug|Any CPU = Debug|Any CPU
		Release|Any CPU = Release|Any CPU
	EndGlobalSection
	GlobalSection(ProjectConfigurationPlatforms) = postSolution
		{EE833082-5C16-4812-AC39-03399DAD27BD}.Debug|Any CPU.ActiveCfg = Debug|Any CPU
		{EE833082-5C16-4812-AC39-03399DAD27BD}.Debug|Any CPU.Build.0 = Debug|Any CPU
		{EE833082-5C16-4812-AC39-03399DAD27BD}.Release|Any CPU.ActiveCfg = Release|Any CPU
		{EE833082-5C16-4812-AC39-03399DAD27BD}.Release|Any CPU.Build.0 = Release|Any CPU
		{277EE630-420A-415A-B64A-D29C574AD16D}.Debug|Any CPU.ActiveCfg = Debug|Any CPU
		{277EE630-420A-415A-B64A-D29C574AD16D}.Debug|Any CPU.Build.0 = Debug|Any CPU
		{277EE630-420A-415A-B64A-D29C574AD16D}.Release|Any CPU.ActiveCfg = Release|Any CPU
		{277EE630-420A-415A-B64A-D29C574AD16D}.Release|Any CPU.Build.0 = Release|Any CPU
		{4D6FDA41-AB46-439E-A28A-8B2A93552E01}.Debug|Any CPU.ActiveCfg = Debug|Any CPU
		{4D6FDA41-AB46-439E-A28A-8B2A93552E01}.Debug|Any CPU.Build.0 = Debug|Any CPU
		{4D6FDA41-AB46-439E-A28A-8B2A93552E01}.Release|Any CPU.ActiveCfg = Release|Any CPU
		{4D6FDA41-AB46-439E-A28A-8B2A93552E01}.Release|Any CPU.Build.0 = Release|Any CPU
		{C708AAC5-9D78-4B89-B5D3-FCC458ED6D3C}.Debug|Any CPU.ActiveCfg = Debug|Any CPU
		{C708AAC5-9D78-4B89-B5D3-FCC458ED6D3C}.Debug|Any CPU.Build.0 = Debug|Any CPU
		{C708AAC5-9D78-4B89-B5D3-FCC458ED6D3C}.Release|Any CPU.ActiveCfg = Release|Any CPU
		{C708AAC5-9D78-4B89-B5D3-FCC458ED6D3C}.Release|Any CPU.Build.0 = Release|Any CPU
		{0183375E-2BAE-4186-B19F-C25C0E5E5C9D}.Debug|Any CPU.ActiveCfg = Debug|Any CPU
		{0183375E-2BAE-4186-B19F-C25C0E5E5C9D}.Debug|Any CPU.Build.0 = Debug|Any CPU
		{0183375E-2BAE-4186-B19F-C25C0E5E5C9D}.Release|Any CPU.ActiveCfg = Release|Any CPU
		{0183375E-2BAE-4186-B19F-C25C0E5E5C9D}.Release|Any CPU.Build.0 = Release|Any CPU
		{73116820-BD88-4E4B-BA45-BE5872C60D7F}.Debug|Any CPU.ActiveCfg = Debug|Any CPU
		{73116820-BD88-4E4B-BA45-BE5872C60D7F}.Debug|Any CPU.Build.0 = Debug|Any CPU
		{73116820-BD88-4E4B-BA45-BE5872C60D7F}.Release|Any CPU.ActiveCfg = Release|Any CPU
		{73116820-BD88-4E4B-BA45-BE5872C60D7F}.Release|Any CPU.Build.0 = Release|Any CPU
		{096D7524-38F0-441D-BB11-904C488F11C5}.Debug|Any CPU.ActiveCfg = Debug|Any CPU
		{096D7524-38F0-441D-BB11-904C488F11C5}.Debug|Any CPU.Build.0 = Debug|Any CPU
		{096D7524-38F0-441D-BB11-904C488F11C5}.Release|Any CPU.ActiveCfg = Release|Any CPU
		{096D7524-38F0-441D-BB11-904C488F11C5}.Release|Any CPU.Build.0 = Release|Any CPU
		{31E3B7EE-3D4F-463B-AE03-52DA186E404A}.Debug|Any CPU.ActiveCfg = Debug|Any CPU
		{31E3B7EE-3D4F-463B-AE03-52DA186E404A}.Debug|Any CPU.Build.0 = Debug|Any CPU
		{31E3B7EE-3D4F-463B-AE03-52DA186E404A}.Release|Any CPU.ActiveCfg = Release|Any CPU
		{31E3B7EE-3D4F-463B-AE03-52DA186E404A}.Release|Any CPU.Build.0 = Release|Any CPU
		{E282C666-42D2-4F21-AB2D-0F59ADD06E7D}.Debug|Any CPU.ActiveCfg = Debug|Any CPU
		{E282C666-42D2-4F21-AB2D-0F59ADD06E7D}.Debug|Any CPU.Build.0 = Debug|Any CPU
		{E282C666-42D2-4F21-AB2D-0F59ADD06E7D}.Release|Any CPU.ActiveCfg = Release|Any CPU
		{E282C666-42D2-4F21-AB2D-0F59ADD06E7D}.Release|Any CPU.Build.0 = Release|Any CPU
		{3B1B2A41-57AC-463F-83D7-C5A156EC032A}.Debug|Any CPU.ActiveCfg = Debug|Any CPU
		{3B1B2A41-57AC-463F-83D7-C5A156EC032A}.Debug|Any CPU.Build.0 = Debug|Any CPU
		{3B1B2A41-57AC-463F-83D7-C5A156EC032A}.Release|Any CPU.ActiveCfg = Release|Any CPU
		{3B1B2A41-57AC-463F-83D7-C5A156EC032A}.Release|Any CPU.Build.0 = Release|Any CPU
		{51DC8925-F1AB-4D20-92B2-BD8CCE3A1A7C}.Debug|Any CPU.ActiveCfg = Debug|Any CPU
		{51DC8925-F1AB-4D20-92B2-BD8CCE3A1A7C}.Debug|Any CPU.Build.0 = Debug|Any CPU
		{51DC8925-F1AB-4D20-92B2-BD8CCE3A1A7C}.Release|Any CPU.ActiveCfg = Release|Any CPU
		{51DC8925-F1AB-4D20-92B2-BD8CCE3A1A7C}.Release|Any CPU.Build.0 = Release|Any CPU
		{95990C58-0CF8-4BD2-A57D-B358A211FDE5}.Debug|Any CPU.ActiveCfg = Debug|Any CPU
		{95990C58-0CF8-4BD2-A57D-B358A211FDE5}.Debug|Any CPU.Build.0 = Debug|Any CPU
		{95990C58-0CF8-4BD2-A57D-B358A211FDE5}.Release|Any CPU.ActiveCfg = Release|Any CPU
		{95990C58-0CF8-4BD2-A57D-B358A211FDE5}.Release|Any CPU.Build.0 = Release|Any CPU
		{5C12ED82-0B19-4CE8-80A6-CA110735A72E}.Debug|Any CPU.ActiveCfg = Debug|Any CPU
		{5C12ED82-0B19-4CE8-80A6-CA110735A72E}.Debug|Any CPU.Build.0 = Debug|Any CPU
		{5C12ED82-0B19-4CE8-80A6-CA110735A72E}.Release|Any CPU.ActiveCfg = Release|Any CPU
		{5C12ED82-0B19-4CE8-80A6-CA110735A72E}.Release|Any CPU.Build.0 = Release|Any CPU
		{D06B2BB1-89F3-4D20-BED5-37102DE4B689}.Debug|Any CPU.ActiveCfg = Debug|Any CPU
		{D06B2BB1-89F3-4D20-BED5-37102DE4B689}.Debug|Any CPU.Build.0 = Debug|Any CPU
		{D06B2BB1-89F3-4D20-BED5-37102DE4B689}.Release|Any CPU.ActiveCfg = Release|Any CPU
		{D06B2BB1-89F3-4D20-BED5-37102DE4B689}.Release|Any CPU.Build.0 = Release|Any CPU
		{2E0E11E8-AEB1-4C51-ACBA-976BCE749D6F}.Debug|Any CPU.ActiveCfg = Debug|Any CPU
		{2E0E11E8-AEB1-4C51-ACBA-976BCE749D6F}.Debug|Any CPU.Build.0 = Debug|Any CPU
		{2E0E11E8-AEB1-4C51-ACBA-976BCE749D6F}.Release|Any CPU.ActiveCfg = Release|Any CPU
		{2E0E11E8-AEB1-4C51-ACBA-976BCE749D6F}.Release|Any CPU.Build.0 = Release|Any CPU
		{D459BB59-C460-44FD-A0F6-5A07FF16D010}.Debug|Any CPU.ActiveCfg = Debug|Any CPU
		{D459BB59-C460-44FD-A0F6-5A07FF16D010}.Debug|Any CPU.Build.0 = Debug|Any CPU
		{D459BB59-C460-44FD-A0F6-5A07FF16D010}.Release|Any CPU.ActiveCfg = Release|Any CPU
		{D459BB59-C460-44FD-A0F6-5A07FF16D010}.Release|Any CPU.Build.0 = Release|Any CPU
		{D37EF9BA-F45F-450E-9C45-C14B447BB43E}.Debug|Any CPU.ActiveCfg = Debug|Any CPU
		{D37EF9BA-F45F-450E-9C45-C14B447BB43E}.Debug|Any CPU.Build.0 = Debug|Any CPU
		{D37EF9BA-F45F-450E-9C45-C14B447BB43E}.Release|Any CPU.ActiveCfg = Release|Any CPU
		{D37EF9BA-F45F-450E-9C45-C14B447BB43E}.Release|Any CPU.Build.0 = Release|Any CPU
		{A76914C7-EF0B-4EA1-A4D4-252DAFB13706}.Debug|Any CPU.ActiveCfg = Debug|Any CPU
		{A76914C7-EF0B-4EA1-A4D4-252DAFB13706}.Debug|Any CPU.Build.0 = Debug|Any CPU
		{A76914C7-EF0B-4EA1-A4D4-252DAFB13706}.Release|Any CPU.ActiveCfg = Release|Any CPU
		{A76914C7-EF0B-4EA1-A4D4-252DAFB13706}.Release|Any CPU.Build.0 = Release|Any CPU
		{2A6F652C-DF5C-4AC7-AD1C-CF280807FBB2}.Debug|Any CPU.ActiveCfg = Debug|Any CPU
		{2A6F652C-DF5C-4AC7-AD1C-CF280807FBB2}.Debug|Any CPU.Build.0 = Debug|Any CPU
		{2A6F652C-DF5C-4AC7-AD1C-CF280807FBB2}.Release|Any CPU.ActiveCfg = Release|Any CPU
		{2A6F652C-DF5C-4AC7-AD1C-CF280807FBB2}.Release|Any CPU.Build.0 = Release|Any CPU
		{A361EEBF-18B3-4A45-8CFE-81F8E998C7FB}.Debug|Any CPU.ActiveCfg = Debug|Any CPU
		{A361EEBF-18B3-4A45-8CFE-81F8E998C7FB}.Debug|Any CPU.Build.0 = Debug|Any CPU
		{A361EEBF-18B3-4A45-8CFE-81F8E998C7FB}.Release|Any CPU.ActiveCfg = Release|Any CPU
		{A361EEBF-18B3-4A45-8CFE-81F8E998C7FB}.Release|Any CPU.Build.0 = Release|Any CPU
		{EFB6E0D4-271F-4F07-9572-5A13B2BC0097}.Debug|Any CPU.ActiveCfg = Debug|Any CPU
		{EFB6E0D4-271F-4F07-9572-5A13B2BC0097}.Debug|Any CPU.Build.0 = Debug|Any CPU
		{EFB6E0D4-271F-4F07-9572-5A13B2BC0097}.Release|Any CPU.ActiveCfg = Release|Any CPU
		{EFB6E0D4-271F-4F07-9572-5A13B2BC0097}.Release|Any CPU.Build.0 = Release|Any CPU
		{E446F302-802E-4CB1-BB7C-EA86A062E93C}.Debug|Any CPU.ActiveCfg = Debug|Any CPU
		{E446F302-802E-4CB1-BB7C-EA86A062E93C}.Debug|Any CPU.Build.0 = Debug|Any CPU
		{E446F302-802E-4CB1-BB7C-EA86A062E93C}.Release|Any CPU.ActiveCfg = Release|Any CPU
		{E446F302-802E-4CB1-BB7C-EA86A062E93C}.Release|Any CPU.Build.0 = Release|Any CPU
		{809E62C2-396C-42B8-9ACC-DC82609C59B2}.Debug|Any CPU.ActiveCfg = Debug|Any CPU
		{809E62C2-396C-42B8-9ACC-DC82609C59B2}.Debug|Any CPU.Build.0 = Debug|Any CPU
		{809E62C2-396C-42B8-9ACC-DC82609C59B2}.Release|Any CPU.ActiveCfg = Release|Any CPU
		{809E62C2-396C-42B8-9ACC-DC82609C59B2}.Release|Any CPU.Build.0 = Release|Any CPU
		{B91D5875-3D54-4F63-8B35-3C0F783F597D}.Debug|Any CPU.ActiveCfg = Debug|Any CPU
		{B91D5875-3D54-4F63-8B35-3C0F783F597D}.Debug|Any CPU.Build.0 = Debug|Any CPU
		{B91D5875-3D54-4F63-8B35-3C0F783F597D}.Release|Any CPU.ActiveCfg = Release|Any CPU
		{B91D5875-3D54-4F63-8B35-3C0F783F597D}.Release|Any CPU.Build.0 = Release|Any CPU
		{390F1A83-5970-4E60-94AE-0A107306FC05}.Debug|Any CPU.ActiveCfg = Debug|Any CPU
		{390F1A83-5970-4E60-94AE-0A107306FC05}.Debug|Any CPU.Build.0 = Debug|Any CPU
		{390F1A83-5970-4E60-94AE-0A107306FC05}.Release|Any CPU.ActiveCfg = Release|Any CPU
		{390F1A83-5970-4E60-94AE-0A107306FC05}.Release|Any CPU.Build.0 = Release|Any CPU
		{E5208170-CF50-40B9-BA62-E60D71D3BB49}.Debug|Any CPU.ActiveCfg = Debug|Any CPU
		{E5208170-CF50-40B9-BA62-E60D71D3BB49}.Debug|Any CPU.Build.0 = Debug|Any CPU
		{E5208170-CF50-40B9-BA62-E60D71D3BB49}.Release|Any CPU.ActiveCfg = Release|Any CPU
		{E5208170-CF50-40B9-BA62-E60D71D3BB49}.Release|Any CPU.Build.0 = Release|Any CPU
		{42972EB4-F856-4123-851F-8376551366B6}.Debug|Any CPU.ActiveCfg = Debug|Any CPU
		{42972EB4-F856-4123-851F-8376551366B6}.Debug|Any CPU.Build.0 = Debug|Any CPU
		{42972EB4-F856-4123-851F-8376551366B6}.Release|Any CPU.ActiveCfg = Release|Any CPU
		{42972EB4-F856-4123-851F-8376551366B6}.Release|Any CPU.Build.0 = Release|Any CPU
		{C3B81AB3-8455-4B16-8BA8-7820F2553186}.Debug|Any CPU.ActiveCfg = Debug|Any CPU
		{C3B81AB3-8455-4B16-8BA8-7820F2553186}.Debug|Any CPU.Build.0 = Debug|Any CPU
		{C3B81AB3-8455-4B16-8BA8-7820F2553186}.Release|Any CPU.ActiveCfg = Release|Any CPU
		{C3B81AB3-8455-4B16-8BA8-7820F2553186}.Release|Any CPU.Build.0 = Release|Any CPU
		{455D77B2-B218-497A-9877-74DA718821C5}.Debug|Any CPU.ActiveCfg = Debug|Any CPU
		{455D77B2-B218-497A-9877-74DA718821C5}.Debug|Any CPU.Build.0 = Debug|Any CPU
		{455D77B2-B218-497A-9877-74DA718821C5}.Release|Any CPU.ActiveCfg = Release|Any CPU
		{455D77B2-B218-497A-9877-74DA718821C5}.Release|Any CPU.Build.0 = Release|Any CPU
		{27782FF4-26A6-4BF3-BCFB-8ABF2ACC43B4}.Debug|Any CPU.ActiveCfg = Debug|Any CPU
		{27782FF4-26A6-4BF3-BCFB-8ABF2ACC43B4}.Debug|Any CPU.Build.0 = Debug|Any CPU
		{27782FF4-26A6-4BF3-BCFB-8ABF2ACC43B4}.Release|Any CPU.ActiveCfg = Release|Any CPU
		{27782FF4-26A6-4BF3-BCFB-8ABF2ACC43B4}.Release|Any CPU.Build.0 = Release|Any CPU
		{15FE077E-9D0A-4209-9DC9-12316A903EC9}.Debug|Any CPU.ActiveCfg = Debug|Any CPU
		{15FE077E-9D0A-4209-9DC9-12316A903EC9}.Debug|Any CPU.Build.0 = Debug|Any CPU
		{15FE077E-9D0A-4209-9DC9-12316A903EC9}.Release|Any CPU.ActiveCfg = Release|Any CPU
		{15FE077E-9D0A-4209-9DC9-12316A903EC9}.Release|Any CPU.Build.0 = Release|Any CPU
		{76E1C28F-5506-4883-8341-71DDD2CA61F4}.Debug|Any CPU.ActiveCfg = Debug|Any CPU
		{76E1C28F-5506-4883-8341-71DDD2CA61F4}.Debug|Any CPU.Build.0 = Debug|Any CPU
		{76E1C28F-5506-4883-8341-71DDD2CA61F4}.Release|Any CPU.ActiveCfg = Release|Any CPU
		{76E1C28F-5506-4883-8341-71DDD2CA61F4}.Release|Any CPU.Build.0 = Release|Any CPU
		{D4C9AB5B-3D4C-4ED8-B024-73DF65933318}.Debug|Any CPU.ActiveCfg = Debug|Any CPU
		{D4C9AB5B-3D4C-4ED8-B024-73DF65933318}.Debug|Any CPU.Build.0 = Debug|Any CPU
		{D4C9AB5B-3D4C-4ED8-B024-73DF65933318}.Release|Any CPU.ActiveCfg = Release|Any CPU
		{D4C9AB5B-3D4C-4ED8-B024-73DF65933318}.Release|Any CPU.Build.0 = Release|Any CPU
		{A0CB20E2-01EF-4F5D-AF22-476D893A27F3}.Debug|Any CPU.ActiveCfg = Debug|Any CPU
		{A0CB20E2-01EF-4F5D-AF22-476D893A27F3}.Debug|Any CPU.Build.0 = Debug|Any CPU
		{A0CB20E2-01EF-4F5D-AF22-476D893A27F3}.Release|Any CPU.ActiveCfg = Release|Any CPU
		{A0CB20E2-01EF-4F5D-AF22-476D893A27F3}.Release|Any CPU.Build.0 = Release|Any CPU
		{EAE6916D-E570-449F-9CFB-6E5B906B5CB3}.Debug|Any CPU.ActiveCfg = Debug|Any CPU
		{EAE6916D-E570-449F-9CFB-6E5B906B5CB3}.Debug|Any CPU.Build.0 = Debug|Any CPU
		{EAE6916D-E570-449F-9CFB-6E5B906B5CB3}.Release|Any CPU.ActiveCfg = Release|Any CPU
		{EAE6916D-E570-449F-9CFB-6E5B906B5CB3}.Release|Any CPU.Build.0 = Release|Any CPU
		{EA76D915-567C-4A3A-8A8B-D2890FFDA071}.Debug|Any CPU.ActiveCfg = Debug|Any CPU
		{EA76D915-567C-4A3A-8A8B-D2890FFDA071}.Debug|Any CPU.Build.0 = Debug|Any CPU
		{EA76D915-567C-4A3A-8A8B-D2890FFDA071}.Release|Any CPU.ActiveCfg = Release|Any CPU
		{EA76D915-567C-4A3A-8A8B-D2890FFDA071}.Release|Any CPU.Build.0 = Release|Any CPU
		{491FC269-4344-4AE0-A393-CCCE408F4080}.Debug|Any CPU.ActiveCfg = Debug|Any CPU
		{491FC269-4344-4AE0-A393-CCCE408F4080}.Debug|Any CPU.Build.0 = Debug|Any CPU
		{491FC269-4344-4AE0-A393-CCCE408F4080}.Release|Any CPU.ActiveCfg = Release|Any CPU
		{491FC269-4344-4AE0-A393-CCCE408F4080}.Release|Any CPU.Build.0 = Release|Any CPU
		{D8871820-10C7-49A9-9879-4DE9C4C22A3F}.Debug|Any CPU.ActiveCfg = Debug|Any CPU
		{D8871820-10C7-49A9-9879-4DE9C4C22A3F}.Debug|Any CPU.Build.0 = Debug|Any CPU
		{D8871820-10C7-49A9-9879-4DE9C4C22A3F}.Release|Any CPU.ActiveCfg = Release|Any CPU
		{D8871820-10C7-49A9-9879-4DE9C4C22A3F}.Release|Any CPU.Build.0 = Release|Any CPU
		{7DD1EDD8-33DE-48A0-90C1-9F98CFF0121F}.Debug|Any CPU.ActiveCfg = Debug|Any CPU
		{7DD1EDD8-33DE-48A0-90C1-9F98CFF0121F}.Debug|Any CPU.Build.0 = Debug|Any CPU
		{7DD1EDD8-33DE-48A0-90C1-9F98CFF0121F}.Release|Any CPU.ActiveCfg = Release|Any CPU
		{7DD1EDD8-33DE-48A0-90C1-9F98CFF0121F}.Release|Any CPU.Build.0 = Release|Any CPU
		{6DBCE2CE-CA49-4EB9-82B2-C3C58D5A950B}.Debug|Any CPU.ActiveCfg = Debug|Any CPU
		{6DBCE2CE-CA49-4EB9-82B2-C3C58D5A950B}.Debug|Any CPU.Build.0 = Debug|Any CPU
		{6DBCE2CE-CA49-4EB9-82B2-C3C58D5A950B}.Release|Any CPU.ActiveCfg = Release|Any CPU
		{6DBCE2CE-CA49-4EB9-82B2-C3C58D5A950B}.Release|Any CPU.Build.0 = Release|Any CPU
		{7E270D89-118F-499D-AEE5-F6EA375A2DE9}.Debug|Any CPU.ActiveCfg = Debug|Any CPU
		{7E270D89-118F-499D-AEE5-F6EA375A2DE9}.Debug|Any CPU.Build.0 = Debug|Any CPU
		{7E270D89-118F-499D-AEE5-F6EA375A2DE9}.Release|Any CPU.ActiveCfg = Release|Any CPU
		{7E270D89-118F-499D-AEE5-F6EA375A2DE9}.Release|Any CPU.Build.0 = Release|Any CPU
		{59435A3F-3FB9-4013-8AB6-DE52D9C3E5CB}.Debug|Any CPU.ActiveCfg = Debug|Any CPU
		{59435A3F-3FB9-4013-8AB6-DE52D9C3E5CB}.Debug|Any CPU.Build.0 = Debug|Any CPU
		{59435A3F-3FB9-4013-8AB6-DE52D9C3E5CB}.Release|Any CPU.ActiveCfg = Release|Any CPU
		{59435A3F-3FB9-4013-8AB6-DE52D9C3E5CB}.Release|Any CPU.Build.0 = Release|Any CPU
		{F5E6BB1A-680A-4362-A8DF-76C412E36F36}.Debug|Any CPU.ActiveCfg = Debug|Any CPU
		{F5E6BB1A-680A-4362-A8DF-76C412E36F36}.Debug|Any CPU.Build.0 = Debug|Any CPU
		{F5E6BB1A-680A-4362-A8DF-76C412E36F36}.Release|Any CPU.ActiveCfg = Release|Any CPU
		{F5E6BB1A-680A-4362-A8DF-76C412E36F36}.Release|Any CPU.Build.0 = Release|Any CPU
	EndGlobalSection
	GlobalSection(SolutionProperties) = preSolution
		HideSolutionNode = FALSE
	EndGlobalSection
	GlobalSection(NestedProjects) = preSolution
		{DCB96A9D-3C43-40E4-B416-FF793144F408} = {372BB34B-FB7B-4147-A1CD-5A3A9176B1A5}
		{E5208170-CF50-40B9-BA62-E60D71D3BB49} = {DCB96A9D-3C43-40E4-B416-FF793144F408}
		{AE8DC19A-C459-4493-915C-D96D0744FBDB} = {372BB34B-FB7B-4147-A1CD-5A3A9176B1A5}
		{42972EB4-F856-4123-851F-8376551366B6} = {AE8DC19A-C459-4493-915C-D96D0744FBDB}
		{A0CB20E2-01EF-4F5D-AF22-476D893A27F3} = {A372FC33-43C9-46C4-B30E-AE04C48926C1}
		{EAE6916D-E570-449F-9CFB-6E5B906B5CB3} = {A372FC33-43C9-46C4-B30E-AE04C48926C1}
		{EA76D915-567C-4A3A-8A8B-D2890FFDA071} = {A372FC33-43C9-46C4-B30E-AE04C48926C1}
		{491FC269-4344-4AE0-A393-CCCE408F4080} = {DCB96A9D-3C43-40E4-B416-FF793144F408}
		{7DD1EDD8-33DE-48A0-90C1-9F98CFF0121F} = {DCB96A9D-3C43-40E4-B416-FF793144F408}
	EndGlobalSection
	GlobalSection(ExtensibilityGlobals) = postSolution
		SolutionGuid = {96E83884-237B-4B6B-9C50-5037D84DB26B}
	EndGlobalSection
EndGlobal
